// !$*UTF8*$!
{
	archiveVersion = 1;
	classes = {
	};
	objectVersion = 50;
	objects = {

/* Begin PBXBuildFile section */
		7B509F172506ECB800D5B2E1 /* FavoritesController.swift in Sources */ = {isa = PBXBuildFile; fileRef = 7B509F162506ECB700D5B2E1 /* FavoritesController.swift */; };
		7B811AD02523E18600B481E0 /* PresentationViewController.swift in Sources */ = {isa = PBXBuildFile; fileRef = 7B811ACF2523E18600B481E0 /* PresentationViewController.swift */; };
		7B811AD22526C9E100B481E0 /* InfoPopup.swift in Sources */ = {isa = PBXBuildFile; fileRef = 7B811AD12526C9E100B481E0 /* InfoPopup.swift */; };
		7B875F282512CC4F00DC7B25 /* AstronomyJSON.swift in Sources */ = {isa = PBXBuildFile; fileRef = 7B875F272512CC4F00DC7B25 /* AstronomyJSON.swift */; };
		7B875F2B2512CD0800DC7B25 /* Astronomy+CoreDataClass.swift in Sources */ = {isa = PBXBuildFile; fileRef = 7B875F292512CD0800DC7B25 /* Astronomy+CoreDataClass.swift */; };
		7B875F2C2512CD0800DC7B25 /* Astronomy+CoreDataProperties.swift in Sources */ = {isa = PBXBuildFile; fileRef = 7B875F2A2512CD0800DC7B25 /* Astronomy+CoreDataProperties.swift */; };
		7BF1DA872505EA8900126BA7 /* AppDelegate.swift in Sources */ = {isa = PBXBuildFile; fileRef = 7BF1DA862505EA8900126BA7 /* AppDelegate.swift */; };
		7BF1DA892505EA8900126BA7 /* SceneDelegate.swift in Sources */ = {isa = PBXBuildFile; fileRef = 7BF1DA882505EA8900126BA7 /* SceneDelegate.swift */; };
		7BF1DA8B2505EA8900126BA7 /* ViewController.swift in Sources */ = {isa = PBXBuildFile; fileRef = 7BF1DA8A2505EA8900126BA7 /* ViewController.swift */; };
		7BF1DA8E2505EA8900126BA7 /* Main.storyboard in Resources */ = {isa = PBXBuildFile; fileRef = 7BF1DA8C2505EA8900126BA7 /* Main.storyboard */; };
		7BF1DA912505EA8900126BA7 /* APOD_Explorer.xcdatamodeld in Sources */ = {isa = PBXBuildFile; fileRef = 7BF1DA8F2505EA8900126BA7 /* APOD_Explorer.xcdatamodeld */; };
		7BF1DA932505EA8B00126BA7 /* Assets.xcassets in Resources */ = {isa = PBXBuildFile; fileRef = 7BF1DA922505EA8B00126BA7 /* Assets.xcassets */; };
		7BF1DA962505EA8B00126BA7 /* LaunchScreen.storyboard in Resources */ = {isa = PBXBuildFile; fileRef = 7BF1DA942505EA8B00126BA7 /* LaunchScreen.storyboard */; };
		7BF1DAA12505EA8C00126BA7 /* APOD_ExplorerTests.swift in Sources */ = {isa = PBXBuildFile; fileRef = 7BF1DAA02505EA8C00126BA7 /* APOD_ExplorerTests.swift */; };
/* End PBXBuildFile section */

/* Begin PBXContainerItemProxy section */
		7BF1DA9D2505EA8C00126BA7 /* PBXContainerItemProxy */ = {
			isa = PBXContainerItemProxy;
			containerPortal = 7BF1DA7B2505EA8900126BA7 /* Project object */;
			proxyType = 1;
			remoteGlobalIDString = 7BF1DA822505EA8900126BA7;
			remoteInfo = "APOD Explorer";
		};
/* End PBXContainerItemProxy section */

/* Begin PBXFileReference section */
		7B509F162506ECB700D5B2E1 /* FavoritesController.swift */ = {isa = PBXFileReference; lastKnownFileType = sourcecode.swift; path = FavoritesController.swift; sourceTree = "<group>"; };
		7B811ACF2523E18600B481E0 /* PresentationViewController.swift */ = {isa = PBXFileReference; lastKnownFileType = sourcecode.swift; path = PresentationViewController.swift; sourceTree = "<group>"; };
		7B811AD12526C9E100B481E0 /* InfoPopup.swift */ = {isa = PBXFileReference; lastKnownFileType = sourcecode.swift; path = InfoPopup.swift; sourceTree = "<group>"; };
		7B875F272512CC4F00DC7B25 /* AstronomyJSON.swift */ = {isa = PBXFileReference; lastKnownFileType = sourcecode.swift; path = AstronomyJSON.swift; sourceTree = "<group>"; };
		7B875F292512CD0800DC7B25 /* Astronomy+CoreDataClass.swift */ = {isa = PBXFileReference; lastKnownFileType = sourcecode.swift; path = "Astronomy+CoreDataClass.swift"; sourceTree = SOURCE_ROOT; };
		7B875F2A2512CD0800DC7B25 /* Astronomy+CoreDataProperties.swift */ = {isa = PBXFileReference; lastKnownFileType = sourcecode.swift; path = "Astronomy+CoreDataProperties.swift"; sourceTree = SOURCE_ROOT; };
		7BF1DA832505EA8900126BA7 /* APOD Explorer.app */ = {isa = PBXFileReference; explicitFileType = wrapper.application; includeInIndex = 0; path = "APOD Explorer.app"; sourceTree = BUILT_PRODUCTS_DIR; };
		7BF1DA862505EA8900126BA7 /* AppDelegate.swift */ = {isa = PBXFileReference; lastKnownFileType = sourcecode.swift; path = AppDelegate.swift; sourceTree = "<group>"; };
		7BF1DA882505EA8900126BA7 /* SceneDelegate.swift */ = {isa = PBXFileReference; lastKnownFileType = sourcecode.swift; path = SceneDelegate.swift; sourceTree = "<group>"; };
		7BF1DA8A2505EA8900126BA7 /* ViewController.swift */ = {isa = PBXFileReference; lastKnownFileType = sourcecode.swift; path = ViewController.swift; sourceTree = "<group>"; };
		7BF1DA8D2505EA8900126BA7 /* Base */ = {isa = PBXFileReference; lastKnownFileType = file.storyboard; name = Base; path = Base.lproj/Main.storyboard; sourceTree = "<group>"; };
		7BF1DA902505EA8900126BA7 /* APOD_Explorer.xcdatamodel */ = {isa = PBXFileReference; lastKnownFileType = wrapper.xcdatamodel; path = APOD_Explorer.xcdatamodel; sourceTree = "<group>"; };
		7BF1DA922505EA8B00126BA7 /* Assets.xcassets */ = {isa = PBXFileReference; lastKnownFileType = folder.assetcatalog; path = Assets.xcassets; sourceTree = "<group>"; };
		7BF1DA952505EA8B00126BA7 /* Base */ = {isa = PBXFileReference; lastKnownFileType = file.storyboard; name = Base; path = Base.lproj/LaunchScreen.storyboard; sourceTree = "<group>"; };
		7BF1DA972505EA8B00126BA7 /* Info.plist */ = {isa = PBXFileReference; lastKnownFileType = text.plist.xml; path = Info.plist; sourceTree = "<group>"; };
		7BF1DA9C2505EA8C00126BA7 /* APOD ExplorerTests.xctest */ = {isa = PBXFileReference; explicitFileType = wrapper.cfbundle; includeInIndex = 0; path = "APOD ExplorerTests.xctest"; sourceTree = BUILT_PRODUCTS_DIR; };
		7BF1DAA02505EA8C00126BA7 /* APOD_ExplorerTests.swift */ = {isa = PBXFileReference; lastKnownFileType = sourcecode.swift; path = APOD_ExplorerTests.swift; sourceTree = "<group>"; };
		7BF1DAA22505EA8C00126BA7 /* Info.plist */ = {isa = PBXFileReference; lastKnownFileType = text.plist.xml; path = Info.plist; sourceTree = "<group>"; };
/* End PBXFileReference section */

/* Begin PBXFrameworksBuildPhase section */
		7BF1DA802505EA8900126BA7 /* Frameworks */ = {
			isa = PBXFrameworksBuildPhase;
			buildActionMask = 2147483647;
			files = (
			);
			runOnlyForDeploymentPostprocessing = 0;
		};
		7BF1DA992505EA8C00126BA7 /* Frameworks */ = {
			isa = PBXFrameworksBuildPhase;
			buildActionMask = 2147483647;
			files = (
			);
			runOnlyForDeploymentPostprocessing = 0;
		};
/* End PBXFrameworksBuildPhase section */

/* Begin PBXGroup section */
		7BF1DA7A2505EA8900126BA7 = {
			isa = PBXGroup;
			children = (
				7BF1DA852505EA8900126BA7 /* APOD Explorer */,
				7BF1DA9F2505EA8C00126BA7 /* APOD ExplorerTests */,
				7BF1DA842505EA8900126BA7 /* Products */,
			);
			sourceTree = "<group>";
		};
		7BF1DA842505EA8900126BA7 /* Products */ = {
			isa = PBXGroup;
			children = (
				7BF1DA832505EA8900126BA7 /* APOD Explorer.app */,
				7BF1DA9C2505EA8C00126BA7 /* APOD ExplorerTests.xctest */,
			);
			name = Products;
			sourceTree = "<group>";
		};
		7BF1DA852505EA8900126BA7 /* APOD Explorer */ = {
			isa = PBXGroup;
			children = (
				7B875F292512CD0800DC7B25 /* Astronomy+CoreDataClass.swift */,
				7B875F2A2512CD0800DC7B25 /* Astronomy+CoreDataProperties.swift */,
				7BF1DA862505EA8900126BA7 /* AppDelegate.swift */,
				7BF1DA882505EA8900126BA7 /* SceneDelegate.swift */,
				7BF1DA8A2505EA8900126BA7 /* ViewController.swift */,
				7B875F272512CC4F00DC7B25 /* AstronomyJSON.swift */,
				7BF1DA8C2505EA8900126BA7 /* Main.storyboard */,
				7B811ACF2523E18600B481E0 /* PresentationViewController.swift */,
				7B811AD12526C9E100B481E0 /* InfoPopup.swift */,
				7B509F162506ECB700D5B2E1 /* FavoritesController.swift */,
				7BF1DA922505EA8B00126BA7 /* Assets.xcassets */,
				7BF1DA942505EA8B00126BA7 /* LaunchScreen.storyboard */,
				7BF1DA972505EA8B00126BA7 /* Info.plist */,
				7BF1DA8F2505EA8900126BA7 /* APOD_Explorer.xcdatamodeld */,
			);
			path = "APOD Explorer";
			sourceTree = "<group>";
		};
		7BF1DA9F2505EA8C00126BA7 /* APOD ExplorerTests */ = {
			isa = PBXGroup;
			children = (
				7BF1DAA02505EA8C00126BA7 /* APOD_ExplorerTests.swift */,
				7BF1DAA22505EA8C00126BA7 /* Info.plist */,
			);
			path = "APOD ExplorerTests";
			sourceTree = "<group>";
		};
/* End PBXGroup section */

/* Begin PBXNativeTarget section */
		7BF1DA822505EA8900126BA7 /* APOD Explorer */ = {
			isa = PBXNativeTarget;
			buildConfigurationList = 7BF1DAA52505EA8C00126BA7 /* Build configuration list for PBXNativeTarget "APOD Explorer" */;
			buildPhases = (
				7BF1DA7F2505EA8900126BA7 /* Sources */,
				7BF1DA802505EA8900126BA7 /* Frameworks */,
				7BF1DA812505EA8900126BA7 /* Resources */,
			);
			buildRules = (
			);
			dependencies = (
			);
			name = "APOD Explorer";
			productName = "APOD Explorer";
			productReference = 7BF1DA832505EA8900126BA7 /* APOD Explorer.app */;
			productType = "com.apple.product-type.application";
		};
		7BF1DA9B2505EA8C00126BA7 /* APOD ExplorerTests */ = {
			isa = PBXNativeTarget;
			buildConfigurationList = 7BF1DAA82505EA8C00126BA7 /* Build configuration list for PBXNativeTarget "APOD ExplorerTests" */;
			buildPhases = (
				7BF1DA982505EA8C00126BA7 /* Sources */,
				7BF1DA992505EA8C00126BA7 /* Frameworks */,
				7BF1DA9A2505EA8C00126BA7 /* Resources */,
			);
			buildRules = (
			);
			dependencies = (
				7BF1DA9E2505EA8C00126BA7 /* PBXTargetDependency */,
			);
			name = "APOD ExplorerTests";
			productName = "APOD ExplorerTests";
			productReference = 7BF1DA9C2505EA8C00126BA7 /* APOD ExplorerTests.xctest */;
			productType = "com.apple.product-type.bundle.unit-test";
		};
/* End PBXNativeTarget section */

/* Begin PBXProject section */
		7BF1DA7B2505EA8900126BA7 /* Project object */ = {
			isa = PBXProject;
			attributes = {
				LastSwiftUpdateCheck = 1130;
				LastUpgradeCheck = 1130;
				ORGANIZATIONNAME = "Tanner Quesenberry";
				TargetAttributes = {
					7BF1DA822505EA8900126BA7 = {
						CreatedOnToolsVersion = 11.3.1;
					};
					7BF1DA9B2505EA8C00126BA7 = {
						CreatedOnToolsVersion = 11.3.1;
						TestTargetID = 7BF1DA822505EA8900126BA7;
					};
				};
			};
			buildConfigurationList = 7BF1DA7E2505EA8900126BA7 /* Build configuration list for PBXProject "APOD Explorer" */;
			compatibilityVersion = "Xcode 9.3";
			developmentRegion = en;
			hasScannedForEncodings = 0;
			knownRegions = (
				en,
				Base,
			);
			mainGroup = 7BF1DA7A2505EA8900126BA7;
			productRefGroup = 7BF1DA842505EA8900126BA7 /* Products */;
			projectDirPath = "";
			projectRoot = "";
			targets = (
				7BF1DA822505EA8900126BA7 /* APOD Explorer */,
				7BF1DA9B2505EA8C00126BA7 /* APOD ExplorerTests */,
			);
		};
/* End PBXProject section */

/* Begin PBXResourcesBuildPhase section */
		7BF1DA812505EA8900126BA7 /* Resources */ = {
			isa = PBXResourcesBuildPhase;
			buildActionMask = 2147483647;
			files = (
				7BF1DA962505EA8B00126BA7 /* LaunchScreen.storyboard in Resources */,
				7BF1DA932505EA8B00126BA7 /* Assets.xcassets in Resources */,
				7BF1DA8E2505EA8900126BA7 /* Main.storyboard in Resources */,
			);
			runOnlyForDeploymentPostprocessing = 0;
		};
		7BF1DA9A2505EA8C00126BA7 /* Resources */ = {
			isa = PBXResourcesBuildPhase;
			buildActionMask = 2147483647;
			files = (
			);
			runOnlyForDeploymentPostprocessing = 0;
		};
/* End PBXResourcesBuildPhase section */

/* Begin PBXSourcesBuildPhase section */
		7BF1DA7F2505EA8900126BA7 /* Sources */ = {
			isa = PBXSourcesBuildPhase;
			buildActionMask = 2147483647;
			files = (
				7BF1DA8B2505EA8900126BA7 /* ViewController.swift in Sources */,
				7BF1DA872505EA8900126BA7 /* AppDelegate.swift in Sources */,
				7B875F282512CC4F00DC7B25 /* AstronomyJSON.swift in Sources */,
				7BF1DA912505EA8900126BA7 /* APOD_Explorer.xcdatamodeld in Sources */,
				7B811AD22526C9E100B481E0 /* InfoPopup.swift in Sources */,
				7B811AD02523E18600B481E0 /* PresentationViewController.swift in Sources */,
				7B875F2C2512CD0800DC7B25 /* Astronomy+CoreDataProperties.swift in Sources */,
				7BF1DA892505EA8900126BA7 /* SceneDelegate.swift in Sources */,
				7B509F172506ECB800D5B2E1 /* FavoritesController.swift in Sources */,
				7B875F2B2512CD0800DC7B25 /* Astronomy+CoreDataClass.swift in Sources */,
			);
			runOnlyForDeploymentPostprocessing = 0;
		};
		7BF1DA982505EA8C00126BA7 /* Sources */ = {
			isa = PBXSourcesBuildPhase;
			buildActionMask = 2147483647;
			files = (
				7BF1DAA12505EA8C00126BA7 /* APOD_ExplorerTests.swift in Sources */,
			);
			runOnlyForDeploymentPostprocessing = 0;
		};
/* End PBXSourcesBuildPhase section */

/* Begin PBXTargetDependency section */
		7BF1DA9E2505EA8C00126BA7 /* PBXTargetDependency */ = {
			isa = PBXTargetDependency;
			target = 7BF1DA822505EA8900126BA7 /* APOD Explorer */;
			targetProxy = 7BF1DA9D2505EA8C00126BA7 /* PBXContainerItemProxy */;
		};
/* End PBXTargetDependency section */

/* Begin PBXVariantGroup section */
		7BF1DA8C2505EA8900126BA7 /* Main.storyboard */ = {
			isa = PBXVariantGroup;
			children = (
				7BF1DA8D2505EA8900126BA7 /* Base */,
			);
			name = Main.storyboard;
			sourceTree = "<group>";
		};
		7BF1DA942505EA8B00126BA7 /* LaunchScreen.storyboard */ = {
			isa = PBXVariantGroup;
			children = (
				7BF1DA952505EA8B00126BA7 /* Base */,
			);
			name = LaunchScreen.storyboard;
			sourceTree = "<group>";
		};
/* End PBXVariantGroup section */

/* Begin XCBuildConfiguration section */
		7BF1DAA32505EA8C00126BA7 /* Debug */ = {
			isa = XCBuildConfiguration;
			buildSettings = {
				ALWAYS_SEARCH_USER_PATHS = NO;
				CLANG_ANALYZER_NONNULL = YES;
				CLANG_ANALYZER_NUMBER_OBJECT_CONVERSION = YES_AGGRESSIVE;
				CLANG_CXX_LANGUAGE_STANDARD = "gnu++14";
				CLANG_CXX_LIBRARY = "libc++";
				CLANG_ENABLE_MODULES = YES;
				CLANG_ENABLE_OBJC_ARC = YES;
				CLANG_ENABLE_OBJC_WEAK = YES;
				CLANG_WARN_BLOCK_CAPTURE_AUTORELEASING = YES;
				CLANG_WARN_BOOL_CONVERSION = YES;
				CLANG_WARN_COMMA = YES;
				CLANG_WARN_CONSTANT_CONVERSION = YES;
				CLANG_WARN_DEPRECATED_OBJC_IMPLEMENTATIONS = YES;
				CLANG_WARN_DIRECT_OBJC_ISA_USAGE = YES_ERROR;
				CLANG_WARN_DOCUMENTATION_COMMENTS = YES;
				CLANG_WARN_EMPTY_BODY = YES;
				CLANG_WARN_ENUM_CONVERSION = YES;
				CLANG_WARN_INFINITE_RECURSION = YES;
				CLANG_WARN_INT_CONVERSION = YES;
				CLANG_WARN_NON_LITERAL_NULL_CONVERSION = YES;
				CLANG_WARN_OBJC_IMPLICIT_RETAIN_SELF = YES;
				CLANG_WARN_OBJC_LITERAL_CONVERSION = YES;
				CLANG_WARN_OBJC_ROOT_CLASS = YES_ERROR;
				CLANG_WARN_RANGE_LOOP_ANALYSIS = YES;
				CLANG_WARN_STRICT_PROTOTYPES = YES;
				CLANG_WARN_SUSPICIOUS_MOVE = YES;
				CLANG_WARN_UNGUARDED_AVAILABILITY = YES_AGGRESSIVE;
				CLANG_WARN_UNREACHABLE_CODE = YES;
				CLANG_WARN__DUPLICATE_METHOD_MATCH = YES;
				COPY_PHASE_STRIP = NO;
				DEBUG_INFORMATION_FORMAT = dwarf;
				ENABLE_STRICT_OBJC_MSGSEND = YES;
				ENABLE_TESTABILITY = YES;
				GCC_C_LANGUAGE_STANDARD = gnu11;
				GCC_DYNAMIC_NO_PIC = NO;
				GCC_NO_COMMON_BLOCKS = YES;
				GCC_OPTIMIZATION_LEVEL = 0;
				GCC_PREPROCESSOR_DEFINITIONS = (
					"DEBUG=1",
					"$(inherited)",
				);
				GCC_WARN_64_TO_32_BIT_CONVERSION = YES;
				GCC_WARN_ABOUT_RETURN_TYPE = YES_ERROR;
				GCC_WARN_UNDECLARED_SELECTOR = YES;
				GCC_WARN_UNINITIALIZED_AUTOS = YES_AGGRESSIVE;
				GCC_WARN_UNUSED_FUNCTION = YES;
				GCC_WARN_UNUSED_VARIABLE = YES;
				IPHONEOS_DEPLOYMENT_TARGET = 13.2;
				MTL_ENABLE_DEBUG_INFO = INCLUDE_SOURCE;
				MTL_FAST_MATH = YES;
				ONLY_ACTIVE_ARCH = YES;
				SDKROOT = iphoneos;
				SWIFT_ACTIVE_COMPILATION_CONDITIONS = DEBUG;
				SWIFT_OPTIMIZATION_LEVEL = "-Onone";
			};
			name = Debug;
		};
		7BF1DAA42505EA8C00126BA7 /* Release */ = {
			isa = XCBuildConfiguration;
			buildSettings = {
				ALWAYS_SEARCH_USER_PATHS = NO;
				CLANG_ANALYZER_NONNULL = YES;
				CLANG_ANALYZER_NUMBER_OBJECT_CONVERSION = YES_AGGRESSIVE;
				CLANG_CXX_LANGUAGE_STANDARD = "gnu++14";
				CLANG_CXX_LIBRARY = "libc++";
				CLANG_ENABLE_MODULES = YES;
				CLANG_ENABLE_OBJC_ARC = YES;
				CLANG_ENABLE_OBJC_WEAK = YES;
				CLANG_WARN_BLOCK_CAPTURE_AUTORELEASING = YES;
				CLANG_WARN_BOOL_CONVERSION = YES;
				CLANG_WARN_COMMA = YES;
				CLANG_WARN_CONSTANT_CONVERSION = YES;
				CLANG_WARN_DEPRECATED_OBJC_IMPLEMENTATIONS = YES;
				CLANG_WARN_DIRECT_OBJC_ISA_USAGE = YES_ERROR;
				CLANG_WARN_DOCUMENTATION_COMMENTS = YES;
				CLANG_WARN_EMPTY_BODY = YES;
				CLANG_WARN_ENUM_CONVERSION = YES;
				CLANG_WARN_INFINITE_RECURSION = YES;
				CLANG_WARN_INT_CONVERSION = YES;
				CLANG_WARN_NON_LITERAL_NULL_CONVERSION = YES;
				CLANG_WARN_OBJC_IMPLICIT_RETAIN_SELF = YES;
				CLANG_WARN_OBJC_LITERAL_CONVERSION = YES;
				CLANG_WARN_OBJC_ROOT_CLASS = YES_ERROR;
				CLANG_WARN_RANGE_LOOP_ANALYSIS = YES;
				CLANG_WARN_STRICT_PROTOTYPES = YES;
				CLANG_WARN_SUSPICIOUS_MOVE = YES;
				CLANG_WARN_UNGUARDED_AVAILABILITY = YES_AGGRESSIVE;
				CLANG_WARN_UNREACHABLE_CODE = YES;
				CLANG_WARN__DUPLICATE_METHOD_MATCH = YES;
				COPY_PHASE_STRIP = NO;
				DEBUG_INFORMATION_FORMAT = "dwarf-with-dsym";
				ENABLE_NS_ASSERTIONS = NO;
				ENABLE_STRICT_OBJC_MSGSEND = YES;
				GCC_C_LANGUAGE_STANDARD = gnu11;
				GCC_NO_COMMON_BLOCKS = YES;
				GCC_WARN_64_TO_32_BIT_CONVERSION = YES;
				GCC_WARN_ABOUT_RETURN_TYPE = YES_ERROR;
				GCC_WARN_UNDECLARED_SELECTOR = YES;
				GCC_WARN_UNINITIALIZED_AUTOS = YES_AGGRESSIVE;
				GCC_WARN_UNUSED_FUNCTION = YES;
				GCC_WARN_UNUSED_VARIABLE = YES;
				IPHONEOS_DEPLOYMENT_TARGET = 13.2;
				MTL_ENABLE_DEBUG_INFO = NO;
				MTL_FAST_MATH = YES;
				SDKROOT = iphoneos;
				SWIFT_COMPILATION_MODE = wholemodule;
				SWIFT_OPTIMIZATION_LEVEL = "-O";
				VALIDATE_PRODUCT = YES;
			};
			name = Release;
		};
		7BF1DAA62505EA8C00126BA7 /* Debug */ = {
			isa = XCBuildConfiguration;
			buildSettings = {
				ASSETCATALOG_COMPILER_APPICON_NAME = AppIcon;
				CODE_SIGN_STYLE = Automatic;
				DEVELOPMENT_TEAM = 5TJ75YJKFB;
				INFOPLIST_FILE = "APOD Explorer/Info.plist";
				LD_RUNPATH_SEARCH_PATHS = (
					"$(inherited)",
					"@executable_path/Frameworks",
				);
				PRODUCT_BUNDLE_IDENTIFIER = "com.tannerquesenberry.APOD-Explorer";
				PRODUCT_NAME = "$(TARGET_NAME)";
				SWIFT_VERSION = 5.0;
				TARGETED_DEVICE_FAMILY = "1,2";
			};
			name = Debug;
		};
		7BF1DAA72505EA8C00126BA7 /* Release */ = {
			isa = XCBuildConfiguration;
			buildSettings = {
				ASSETCATALOG_COMPILER_APPICON_NAME = AppIcon;
				CODE_SIGN_STYLE = Automatic;
				DEVELOPMENT_TEAM = 5TJ75YJKFB;
				INFOPLIST_FILE = "APOD Explorer/Info.plist";
				LD_RUNPATH_SEARCH_PATHS = (
					"$(inherited)",
					"@executable_path/Frameworks",
				);
				PRODUCT_BUNDLE_IDENTIFIER = "com.tannerquesenberry.APOD-Explorer";
				PRODUCT_NAME = "$(TARGET_NAME)";
				SWIFT_VERSION = 5.0;
				TARGETED_DEVICE_FAMILY = "1,2";
			};
			name = Release;
		};
		7BF1DAA92505EA8C00126BA7 /* Debug */ = {
			isa = XCBuildConfiguration;
			buildSettings = {
				ALWAYS_EMBED_SWIFT_STANDARD_LIBRARIES = YES;
				BUNDLE_LOADER = "$(TEST_HOST)";
				CODE_SIGN_STYLE = Automatic;
				DEVELOPMENT_TEAM = 5TJ75YJKFB;
				INFOPLIST_FILE = "APOD ExplorerTests/Info.plist";
				IPHONEOS_DEPLOYMENT_TARGET = 13.2;
				LD_RUNPATH_SEARCH_PATHS = (
					"$(inherited)",
					"@executable_path/Frameworks",
					"@loader_path/Frameworks",
				);
				PRODUCT_BUNDLE_IDENTIFIER = "com.tannerquesenberry.APOD-ExplorerTests";
				PRODUCT_NAME = "$(TARGET_NAME)";
				SWIFT_VERSION = 5.0;
				TARGETED_DEVICE_FAMILY = "1,2";
				TEST_HOST = "$(BUILT_PRODUCTS_DIR)/APOD Explorer.app/APOD Explorer";
			};
			name = Debug;
		};
		7BF1DAAA2505EA8C00126BA7 /* Release */ = {
			isa = XCBuildConfiguration;
			buildSettings = {
				ALWAYS_EMBED_SWIFT_STANDARD_LIBRARIES = YES;
				BUNDLE_LOADER = "$(TEST_HOST)";
				CODE_SIGN_STYLE = Automatic;
				DEVELOPMENT_TEAM = 5TJ75YJKFB;
				INFOPLIST_FILE = "APOD ExplorerTests/Info.plist";
				IPHONEOS_DEPLOYMENT_TARGET = 13.2;
				LD_RUNPATH_SEARCH_PATHS = (
					"$(inherited)",
					"@executable_path/Frameworks",
					"@loader_path/Frameworks",
				);
				PRODUCT_BUNDLE_IDENTIFIER = "com.tannerquesenberry.APOD-ExplorerTests";
				PRODUCT_NAME = "$(TARGET_NAME)";
				SWIFT_VERSION = 5.0;
				TARGETED_DEVICE_FAMILY = "1,2";
				TEST_HOST = "$(BUILT_PRODUCTS_DIR)/APOD Explorer.app/APOD Explorer";
			};
			name = Release;
		};
/* End XCBuildConfiguration section */

/* Begin XCConfigurationList section */
		7BF1DA7E2505EA8900126BA7 /* Build configuration list for PBXProject "APOD Explorer" */ = {
			isa = XCConfigurationList;
			buildConfigurations = (
				7BF1DAA32505EA8C00126BA7 /* Debug */,
				7BF1DAA42505EA8C00126BA7 /* Release */,
			);
			defaultConfigurationIsVisible = 0;
			defaultConfigurationName = Release;
		};
		7BF1DAA52505EA8C00126BA7 /* Build configuration list for PBXNativeTarget "APOD Explorer" */ = {
			isa = XCConfigurationList;
			buildConfigurations = (
				7BF1DAA62505EA8C00126BA7 /* Debug */,
				7BF1DAA72505EA8C00126BA7 /* Release */,
			);
			defaultConfigurationIsVisible = 0;
			defaultConfigurationName = Release;
		};
		7BF1DAA82505EA8C00126BA7 /* Build configuration list for PBXNativeTarget "APOD ExplorerTests" */ = {
			isa = XCConfigurationList;
			buildConfigurations = (
				7BF1DAA92505EA8C00126BA7 /* Debug */,
				7BF1DAAA2505EA8C00126BA7 /* Release */,
			);
			defaultConfigurationIsVisible = 0;
			defaultConfigurationName = Release;
		};
/* End XCConfigurationList section */

/* Begin XCVersionGroup section */
		7BF1DA8F2505EA8900126BA7 /* APOD_Explorer.xcdatamodeld */ = {
			isa = XCVersionGroup;
			children = (
				7BF1DA902505EA8900126BA7 /* APOD_Explorer.xcdatamodel */,
			);
			currentVersion = 7BF1DA902505EA8900126BA7 /* APOD_Explorer.xcdatamodel */;
			path = APOD_Explorer.xcdatamodeld;
			sourceTree = "<group>";
			versionGroupType = wrapper.xcdatamodel;
		};
/* End XCVersionGroup section */
	};
	rootObject = 7BF1DA7B2505EA8900126BA7 /* Project object */;
}
